
Microsoft Visual Studio Solution File, Format Version 12.00
# Visual Studio Version 17
VisualStudioVersion = 17.8.34511.84
MinimumVisualStudioVersion = 10.0.40219.1
Project("{FAE04EC0-301F-11D3-BF4B-00C04F79EFBC}") = "Secure_Api_Using_JWT", "Secure_Api_Using_JWT\Secure_Api_Using_JWT.csproj", "{FF9C8B1C-76E6-4F18-97A5-F1D2B3A98482}"
EndProject
Global
	GlobalSection(SolutionConfigurationPlatforms) = preSolution
		Debug|Any CPU = Debug|Any CPU
		Release|Any CPU = Release|Any CPU
	EndGlobalSection
	GlobalSection(ProjectConfigurationPlatforms) = postSolution
		{FF9C8B1C-76E6-4F18-97A5-F1D2B3A98482}.Debug|Any CPU.ActiveCfg = Debug|Any CPU
		{FF9C8B1C-76E6-4F18-97A5-F1D2B3A98482}.Debug|Any CPU.Build.0 = Debug|Any CPU
		{FF9C8B1C-76E6-4F18-97A5-F1D2B3A98482}.Release|Any CPU.ActiveCfg = Release|Any CPU
		{FF9C8B1C-76E6-4F18-97A5-F1D2B3A98482}.Release|Any CPU.Build.0 = Release|Any CPU
	EndGlobalSection
	GlobalSection(SolutionProperties) = preSolution
		HideSolutionNode = FALSE
	EndGlobalSection
	GlobalSection(ExtensibilityGlobals) = postSolution
		SolutionGuid = {47598E42-E000-4269-856C-E3C2FCDCAEA4}
	EndGlobalSection
EndGlobal
